# Install in an isolated venv on the vision host. Validate the GPU wheel selection.
torch==2.8.0
torchvision==0.23.0
transformers @ git+https://github.com/huggingface/transformers.git@07338b6c74a578868368e6e549dea83414e4b8cb
accelerate==1.10.1
pillow==11.3.0
opencv-python-headless==4.12.0.88
numpy==2.2.6
